
Microsoft Visual Studio Solution File, Format Version 12.00
# Visual Studio Version 17
VisualStudioVersion = 17.4.33213.308
MinimumVisualStudioVersion = 10.0.40219.1
Project("{8BC9CEB8-8B4A-11D0-8D11-00A0C91BC942}") = "CPP_ScientificCalculator", "CPP_ScientificCalculator\CPP_ScientificCalculator.vcxproj", "{027587F9-D941-4D6B-931D-B4DF761A76AE}"
EndProject
Global
	GlobalSection(SolutionConfigurationPlatforms) = preSolution
		Debug|x64 = Debug|x64
		Debug|x86 = Debug|x86
		Release|x64 = Release|x64
		Release|x86 = Release|x86
	EndGlobalSection
	GlobalSection(ProjectConfigurationPlatforms) = postSolution
		{027587F9-D941-4D6B-931D-B4DF761A76AE}.Debug|x64.ActiveCfg = Debug|x64
		{027587F9-D941-4D6B-931D-B4DF761A76AE}.Debug|x64.Build.0 = Debug|x64
		{027587F9-D941-4D6B-931D-B4DF761A76AE}.Debug|x86.ActiveCfg = Debug|Win32
		{027587F9-D941-4D6B-931D-B4DF761A76AE}.Debug|x86.Build.0 = Debug|Win32
		{027587F9-D941-4D6B-931D-B4DF761A76AE}.Release|x64.ActiveCfg = Release|x64
		{027587F9-D941-4D6B-931D-B4DF761A76AE}.Release|x64.Build.0 = Release|x64
		{027587F9-D941-4D6B-931D-B4DF761A76AE}.Release|x86.ActiveCfg = Release|Win32
		{027587F9-D941-4D6B-931D-B4DF761A76AE}.Release|x86.Build.0 = Release|Win32
	EndGlobalSection
	GlobalSection(SolutionProperties) = preSolution
		HideSolutionNode = FALSE
	EndGlobalSection
	GlobalSection(ExtensibilityGlobals) = postSolution
		SolutionGuid = {6A62A3ED-D1BA-4B08-A8CD-73835C217B17}
	EndGlobalSection
EndGlobal
